
Microsoft Visual Studio Solution File, Format Version 12.00
# Visual Studio Version 16
VisualStudioVersion = 16.0.28628.56
MinimumVisualStudioVersion = 10.0.40219.1
Project("{9A19103F-16F7-4668-BE54-9A1E7A4F7556}") = "MyConsoleApp", "MyConsoleApp\MyConsoleApp.csproj", "{FA0CD209-1A69-4BD9-9BD8-3265FF22D5A8}"
EndProject
Project("{2150E333-8FDC-42A3-9474-1A3956D46DE8}") = "Solution Items", "Solution Items", "{D993EA58-6626-4B53-82CE-93B0531F01B2}"
	ProjectSection(SolutionItems) = preProject
		nuget.config = nuget.config
	EndProjectSection
EndProject
Global
	GlobalSection(SolutionConfigurationPlatforms) = preSolution
		Debug|Any CPU = Debug|Any CPU
		Release|Any CPU = Release|Any CPU
	EndGlobalSection
	GlobalSection(ProjectConfigurationPlatforms) = postSolution
		{FA0CD209-1A69-4BD9-9BD8-3265FF22D5A8}.Debug|Any CPU.ActiveCfg = Debug|Any CPU
		{FA0CD209-1A69-4BD9-9BD8-3265FF22D5A8}.Debug|Any CPU.Build.0 = Debug|Any CPU
		{FA0CD209-1A69-4BD9-9BD8-3265FF22D5A8}.Release|Any CPU.ActiveCfg = Release|Any CPU
		{FA0CD209-1A69-4BD9-9BD8-3265FF22D5A8}.Release|Any CPU.Build.0 = Release|Any CPU
	EndGlobalSection
	GlobalSection(SolutionProperties) = preSolution
		HideSolutionNode = FALSE
	EndGlobalSection
	GlobalSection(ExtensibilityGlobals) = postSolution
		SolutionGuid = {ADAA98B3-CECD-478D-90A5-94D758412667}
	EndGlobalSection
EndGlobal
